<?xml version="1.0" encoding="UTF-8"?>
<Scheme
   LastUpgradeVersion = "1620"
   version = "1.7">
   <BuildAction
      parallelizeBuildables = "YES"
      buildImplicitDependencies = "YES"
      buildArchitectures = "Automatic">
      <BuildActionEntries>
         <BuildActionEntry
            buildForTesting = "YES"
            buildForRunning = "YES"
            buildForProfiling = "YES"
            buildForArchiving = "YES"
            buildForAnalyzing = "YES">
            <BuildableReference
               BuildableIdentifier = "primary"
               BlueprintIdentifier = "C1EE40792D975473008F13A2"
               BuildableName = "loota.app"
               BlueprintName = "loota"
               ReferencedContainer = "container:loota.xcodeproj">
            </BuildableReference>
         </BuildActionEntry>
      </BuildActionEntries>
   </BuildAction>
   <TestAction
      buildConfiguration = "Debug"
      selectedDebuggerIdentifier = "Xcode.DebuggerFoundation.Debugger.LLDB"
      selectedLauncherIdentifier = "Xcode.DebuggerFoundation.Launcher.LLDB"
      shouldUseLaunchSchemeArgsEnv = "YES"
      shouldAutocreateTestPlan = "YES">
      <Testables>
         <TestableReference
            skipped = "NO"
            parallelizable = "YES">
            <BuildableReference
               BuildableIdentifier = "primary"
               BlueprintIdentifier = "C1EE40892D975476008F13A2"
               BuildableName = "lootaTests.xctest"
               BlueprintName = "lootaTests"
               ReferencedContainer = "container:loota.xcodeproj">
            </BuildableReference>
         </TestableReference>
         <TestableReference
            skipped = "NO"
            parallelizable = "YES">
            <BuildableReference
               BuildableIdentifier = "primary"
               BlueprintIdentifier = "C1EE40932D975476008F13A2"
               BuildableName = "lootaUITests.xctest"
               BlueprintName = "lootaUITests"
               ReferencedContainer = "container:loota.xcodeproj">
            </BuildableReference>
         </TestableReference>
      </Testables>
   </TestAction>
   <LaunchAction
      buildConfiguration = "Debug"
      selectedDebuggerIdentifier = "Xcode.DebuggerFoundation.Debugger.LLDB"
      selectedLauncherIdentifier = "Xcode.DebuggerFoundation.Launcher.LLDB"
      launchStyle = "0"
      useCustomWorkingDirectory = "NO"
      ignoresPersistentStateOnLaunch = "NO"
      debugDocumentVersioning = "YES"
      debugServiceExtension = "internal"
      allowLocationSimulation = "YES">
      <BuildableProductRunnable
         runnableDebuggingMode = "0">
         <BuildableReference
            BuildableIdentifier = "primary"
            BlueprintIdentifier = "C1EE40792D975473008F13A2"
            BuildableName = "loota.app"
            BlueprintName = "loota"
            ReferencedContainer = "container:loota.xcodeproj">
         </BuildableReference>
      </BuildableProductRunnable>
      <CommandLineArguments>
         <CommandLineArgument
            argument = "-appLaunchURL"
            isEnabled = "YES">
         </CommandLineArgument>
         <CommandLineArgument
            argument = "file:///Users/jaredgoolsby/Documents/Github/loota/ar-view.html?hunt_type=proximity&amp;data=W3siZGlzdCI6Mi4zLCJkaXIiOiJTNzZXIn0seyJkaXN0Ijo1LjQsImRpciI6IlcxM04ifSx7ImRpc3QiOjcuNywiZGlyIjoiVzQ3TiJ9LHsiZGlzdCI6OS40LCJkaXIiOiJXNjhOIn0seyJkaXN0Ijo5LjIsImRpciI6Ik44RSJ9LHsiZGlzdCI6Ny43LCJkaXIiOiJOMzlFIn0seyJkaXN0Ijo3LjYsImRpciI6Ik42N0UifSx7ImRpc3QiOjgsImRpciI6IkUxMFMifSx7ImRpc3QiOjkuNywiZGlyIjoiRTQwUyJ9LHsiZGlzdCI6OS45LCJkaXIiOiJFNThTIn0seyJkaXN0IjoxMC4zLCJkaXIiOiJFODNTIn0seyJkaXN0IjoxMCwiZGlyIjoiUzEzVyJ9LHsiZGlzdCI6MTAuMywiZGlyIjoiUzI1VyJ9LHsiZGlzdCI6MTAuMywiZGlyIjoiUzQzVyJ9LHsiZGlzdCI6MTAuOSwiZGlyIjoiUzU4VyJ9LHsiZGlzdCI6MTAuNiwiZGlyIjoiUzczVyJ9LHsiZGlzdCI6MTEuNCwiZGlyIjoiUzkwVyJ9LHsiZGlzdCI6MTEuOSwiZGlyIjoiVzE3TiJ9LHsiZGlzdCI6MTMuMywiZGlyIjoiVzMxTiJ9LHsiZGlzdCI6MTMuOSwiZGlyIjoiVzQ5TiJ9LHsiZGlzdCI6MTQuMywiZGlyIjoiVzY2TiJ9LHsiZGlzdCI6MTQuNCwiZGlyIjoiVzg4TiJ9LHsiZGlzdCI6MTQsImRpciI6Ik4xNUUifSx7ImRpc3QiOjE0LjksImRpciI6Ik4zMkUifSx7ImRpc3QiOjE0LjIsImRpciI6Ik40OEUifSx7ImRpc3QiOjEzLjMsImRpciI6Ik42M0UifSx7ImRpc3QiOjEzLjcsImRpciI6Ik44M0UifSx7ImRpc3QiOjE0LjcsImRpciI6IkU5UyJ9LHsiZGlzdCI6MTUuMiwiZGlyIjoiRTIyUyJ9LHsiZGlzdCI6MTYuNCwiZGlyIjoiRTM3UyJ9LHsiZGlzdCI6MTYuNSwiZGlyIjoiRTQ4UyJ9LHsiZGlzdCI6MTcsImRpciI6IkU2MlMifSx7ImRpc3QiOjE2LjcsImRpciI6IkU3MlMifSx7ImRpc3QiOjE2LjUsImRpciI6IkU4MVMifSx7ImRpc3QiOjE2LjgsImRpciI6IlMifSx7ImRpc3QiOjE3LCJkaXIiOiJTOVcifSx7ImRpc3QiOjE3LjEsImRpciI6IlMxOFcifV0="
            isEnabled = "YES">
         </CommandLineArgument>
      </CommandLineArguments>
   </LaunchAction>
   <ProfileAction
      buildConfiguration = "Release"
      shouldUseLaunchSchemeArgsEnv = "YES"
      savedToolIdentifier = ""
      useCustomWorkingDirectory = "NO"
      debugDocumentVersioning = "YES">
      <BuildableProductRunnable
         runnableDebuggingMode = "0">
         <BuildableReference
            BuildableIdentifier = "primary"
            BlueprintIdentifier = "C1EE40792D975473008F13A2"
            BuildableName = "loota.app"
            BlueprintName = "loota"
            ReferencedContainer = "container:loota.xcodeproj">
         </BuildableReference>
      </BuildableProductRunnable>
   </ProfileAction>
   <AnalyzeAction
      buildConfiguration = "Debug">
   </AnalyzeAction>
   <ArchiveAction
      buildConfiguration = "Release"
      revealArchiveInOrganizer = "YES">
   </ArchiveAction>
</Scheme>
