// !$*UTF8*$!
{
	archiveVersion = 1;
	classes = {
	};
	objectVersion = 77;
	objects = {

/* Begin PBXBuildFile section */
		C12460BC2DCE9F10001DC0D5 /* ARKit.framework in Frameworks */ = {isa = PBXBuildFile; fileRef = C1245FEF2DCE8727001DC0D5 /* ARKit.framework */; };
/* End PBXBuildFile section */

/* Begin PBXContainerItemProxy section */
		C1EE408B2D975476008F13A2 /* PBXContainerItemProxy */ = {
			isa = PBXContainerItemProxy;
			containerPortal = C1EE40722D975473008F13A2 /* Project object */;
			proxyType = 1;
			remoteGlobalIDString = C1EE40792D975473008F13A2;
			remoteInfo = loota;
		};
		C1EE40952D975476008F13A2 /* PBXContainerItemProxy */ = {
			isa = PBXContainerItemProxy;
			containerPortal = C1EE40722D975473008F13A2 /* Project object */;
			proxyType = 1;
			remoteGlobalIDString = C1EE40792D975473008F13A2;
			remoteInfo = loota;
		};
/* End PBXContainerItemProxy section */

/* Begin PBXCopyFilesBuildPhase section */
		C1727B0C2DDAD1F800C9D212 /* Embed App Clips */ = {
			isa = PBXCopyFilesBuildPhase;
			buildActionMask = 2147483647;
			dstPath = "$(CONTENTS_FOLDER_PATH)/AppClips";
			dstSubfolderSpec = 16;
			files = (
			);
			name = "Embed App Clips";
			runOnlyForDeploymentPostprocessing = 0;
		};
/* End PBXCopyFilesBuildPhase section */

/* Begin PBXFileReference section */
		C1245FEF2DCE8727001DC0D5 /* ARKit.framework */ = {isa = PBXFileReference; lastKnownFileType = wrapper.framework; name = ARKit.framework; path = System/Library/Frameworks/ARKit.framework; sourceTree = SDKROOT; };
		C1EE407A2D975473008F13A2 /* loota.app */ = {isa = PBXFileReference; explicitFileType = wrapper.application; includeInIndex = 0; path = loota.app; sourceTree = BUILT_PRODUCTS_DIR; };
		C1EE408A2D975476008F13A2 /* lootaTests.xctest */ = {isa = PBXFileReference; explicitFileType = wrapper.cfbundle; includeInIndex = 0; path = lootaTests.xctest; sourceTree = BUILT_PRODUCTS_DIR; };
		C1EE40942D975476008F13A2 /* lootaUITests.xctest */ = {isa = PBXFileReference; explicitFileType = wrapper.cfbundle; includeInIndex = 0; path = lootaUITests.xctest; sourceTree = BUILT_PRODUCTS_DIR; };
/* End PBXFileReference section */

/* Begin PBXFileSystemSynchronizedBuildFileExceptionSet section */
		C1245FA22DC1C5A3001DC0D5 /* Exceptions for "loota" folder in "loota" target */ = {
			isa = PBXFileSystemSynchronizedBuildFileExceptionSet;
			membershipExceptions = (
				Info.plist,
			);
			target = C1EE40792D975473008F13A2 /* loota */;
		};
/* End PBXFileSystemSynchronizedBuildFileExceptionSet section */

/* Begin PBXFileSystemSynchronizedRootGroup section */
		C1EE407C2D975473008F13A2 /* loota */ = {
			isa = PBXFileSystemSynchronizedRootGroup;
			exceptions = (
				C1245FA22DC1C5A3001DC0D5 /* Exceptions for "loota" folder in "loota" target */,
			);
			path = loota;
			sourceTree = "<group>";
		};
		C1EE408D2D975476008F13A2 /* lootaTests */ = {
			isa = PBXFileSystemSynchronizedRootGroup;
			path = lootaTests;
			sourceTree = "<group>";
		};
		C1EE40972D975476008F13A2 /* lootaUITests */ = {
			isa = PBXFileSystemSynchronizedRootGroup;
			path = lootaUITests;
			sourceTree = "<group>";
		};
/* End PBXFileSystemSynchronizedRootGroup section */

/* Begin PBXFrameworksBuildPhase section */
		C1EE40772D975473008F13A2 /* Frameworks */ = {
			isa = PBXFrameworksBuildPhase;
			buildActionMask = 2147483647;
			files = (
				C12460BC2DCE9F10001DC0D5 /* ARKit.framework in Frameworks */,
			);
			runOnlyForDeploymentPostprocessing = 0;
		};
		C1EE40872D975476008F13A2 /* Frameworks */ = {
			isa = PBXFrameworksBuildPhase;
			buildActionMask = 2147483647;
			files = (
			);
			runOnlyForDeploymentPostprocessing = 0;
		};
		C1EE40912D975476008F13A2 /* Frameworks */ = {
			isa = PBXFrameworksBuildPhase;
			buildActionMask = 2147483647;
			files = (
			);
			runOnlyForDeploymentPostprocessing = 0;
		};
/* End PBXFrameworksBuildPhase section */

/* Begin PBXGroup section */
		C1245FEE2DCE8727001DC0D5 /* Frameworks */ = {
			isa = PBXGroup;
			children = (
				C1245FEF2DCE8727001DC0D5 /* ARKit.framework */,
			);
			name = Frameworks;
			sourceTree = "<group>";
		};
		C1EE40712D975473008F13A2 = {
			isa = PBXGroup;
			children = (
				C1EE407C2D975473008F13A2 /* loota */,
				C1EE408D2D975476008F13A2 /* lootaTests */,
				C1EE40972D975476008F13A2 /* lootaUITests */,
				C1245FEE2DCE8727001DC0D5 /* Frameworks */,
				C1EE407B2D975473008F13A2 /* Products */,
			);
			sourceTree = "<group>";
		};
		C1EE407B2D975473008F13A2 /* Products */ = {
			isa = PBXGroup;
			children = (
				C1EE407A2D975473008F13A2 /* loota.app */,
				C1EE408A2D975476008F13A2 /* lootaTests.xctest */,
				C1EE40942D975476008F13A2 /* lootaUITests.xctest */,
			);
			name = Products;
			sourceTree = "<group>";
		};
/* End PBXGroup section */

/* Begin PBXNativeTarget section */
		C1EE40792D975473008F13A2 /* loota */ = {
			isa = PBXNativeTarget;
			buildConfigurationList = C1EE409E2D975476008F13A2 /* Build configuration list for PBXNativeTarget "loota" */;
			buildPhases = (
				C1EE40762D975473008F13A2 /* Sources */,
				C1EE40772D975473008F13A2 /* Frameworks */,
				C1EE40782D975473008F13A2 /* Resources */,
				C1727B0C2DDAD1F800C9D212 /* Embed App Clips */,
			);
			buildRules = (
			);
			dependencies = (
			);
			fileSystemSynchronizedGroups = (
				C1EE407C2D975473008F13A2 /* loota */,
			);
			name = loota;
			packageProductDependencies = (
			);
			productName = loota;
			productReference = C1EE407A2D975473008F13A2 /* loota.app */;
			productType = "com.apple.product-type.application";
		};
		C1EE40892D975476008F13A2 /* lootaTests */ = {
			isa = PBXNativeTarget;
			buildConfigurationList = C1EE40A12D975476008F13A2 /* Build configuration list for PBXNativeTarget "lootaTests" */;
			buildPhases = (
				C1EE40862D975476008F13A2 /* Sources */,
				C1EE40872D975476008F13A2 /* Frameworks */,
				C1EE40882D975476008F13A2 /* Resources */,
			);
			buildRules = (
			);
			dependencies = (
				C1EE408C2D975476008F13A2 /* PBXTargetDependency */,
			);
			fileSystemSynchronizedGroups = (
				C1EE408D2D975476008F13A2 /* lootaTests */,
			);
			name = lootaTests;
			packageProductDependencies = (
			);
			productName = lootaTests;
			productReference = C1EE408A2D975476008F13A2 /* lootaTests.xctest */;
			productType = "com.apple.product-type.bundle.unit-test";
		};
		C1EE40932D975476008F13A2 /* lootaUITests */ = {
			isa = PBXNativeTarget;
			buildConfigurationList = C1EE40A42D975476008F13A2 /* Build configuration list for PBXNativeTarget "lootaUITests" */;
			buildPhases = (
				C1EE40902D975476008F13A2 /* Sources */,
				C1EE40912D975476008F13A2 /* Frameworks */,
				C1EE40922D975476008F13A2 /* Resources */,
			);
			buildRules = (
			);
			dependencies = (
				C1EE40962D975476008F13A2 /* PBXTargetDependency */,
			);
			fileSystemSynchronizedGroups = (
				C1EE40972D975476008F13A2 /* lootaUITests */,
			);
			name = lootaUITests;
			packageProductDependencies = (
			);
			productName = lootaUITests;
			productReference = C1EE40942D975476008F13A2 /* lootaUITests.xctest */;
			productType = "com.apple.product-type.bundle.ui-testing";
		};
/* End PBXNativeTarget section */

/* Begin PBXProject section */
		C1EE40722D975473008F13A2 /* Project object */ = {
			isa = PBXProject;
			attributes = {
				BuildIndependentTargetsInParallel = 1;
				LastSwiftUpdateCheck = 1620;
				LastUpgradeCheck = 1620;
				TargetAttributes = {
					C1EE40792D975473008F13A2 = {
						CreatedOnToolsVersion = 16.2;
					};
					C1EE40892D975476008F13A2 = {
						CreatedOnToolsVersion = 16.2;
						TestTargetID = C1EE40792D975473008F13A2;
					};
					C1EE40932D975476008F13A2 = {
						CreatedOnToolsVersion = 16.2;
						TestTargetID = C1EE40792D975473008F13A2;
					};
				};
			};
			buildConfigurationList = C1EE40752D975473008F13A2 /* Build configuration list for PBXProject "loota" */;
			developmentRegion = en;
			hasScannedForEncodings = 0;
			knownRegions = (
				en,
				Base,
			);
			mainGroup = C1EE40712D975473008F13A2;
			minimizedProjectReferenceProxies = 1;
			preferredProjectObjectVersion = 77;
			productRefGroup = C1EE407B2D975473008F13A2 /* Products */;
			projectDirPath = "";
			projectRoot = "";
			targets = (
				C1EE40792D975473008F13A2 /* loota */,
				C1EE40892D975476008F13A2 /* lootaTests */,
				C1EE40932D975476008F13A2 /* lootaUITests */,
			);
		};
/* End PBXProject section */

/* Begin PBXResourcesBuildPhase section */
		C1EE40782D975473008F13A2 /* Resources */ = {
			isa = PBXResourcesBuildPhase;
			buildActionMask = 2147483647;
			files = (
			);
			runOnlyForDeploymentPostprocessing = 0;
		};
		C1EE40882D975476008F13A2 /* Resources */ = {
			isa = PBXResourcesBuildPhase;
			buildActionMask = 2147483647;
			files = (
			);
			runOnlyForDeploymentPostprocessing = 0;
		};
		C1EE40922D975476008F13A2 /* Resources */ = {
			isa = PBXResourcesBuildPhase;
			buildActionMask = 2147483647;
			files = (
			);
			runOnlyForDeploymentPostprocessing = 0;
		};
/* End PBXResourcesBuildPhase section */

/* Begin PBXSourcesBuildPhase section */
		C1EE40762D975473008F13A2 /* Sources */ = {
			isa = PBXSourcesBuildPhase;
			buildActionMask = 2147483647;
			files = (
			);
			runOnlyForDeploymentPostprocessing = 0;
		};
		C1EE40862D975476008F13A2 /* Sources */ = {
			isa = PBXSourcesBuildPhase;
			buildActionMask = 2147483647;
			files = (
			);
			runOnlyForDeploymentPostprocessing = 0;
		};
		C1EE40902D975476008F13A2 /* Sources */ = {
			isa = PBXSourcesBuildPhase;
			buildActionMask = 2147483647;
			files = (
			);
			runOnlyForDeploymentPostprocessing = 0;
		};
/* End PBXSourcesBuildPhase section */

/* Begin PBXTargetDependency section */
		C1EE408C2D975476008F13A2 /* PBXTargetDependency */ = {
			isa = PBXTargetDependency;
			target = C1EE40792D975473008F13A2 /* loota */;
			targetProxy = C1EE408B2D975476008F13A2 /* PBXContainerItemProxy */;
		};
		C1EE40962D975476008F13A2 /* PBXTargetDependency */ = {
			isa = PBXTargetDependency;
			target = C1EE40792D975473008F13A2 /* loota */;
			targetProxy = C1EE40952D975476008F13A2 /* PBXContainerItemProxy */;
		};
/* End PBXTargetDependency section */

/* Begin XCBuildConfiguration section */
		C1EE409C2D975476008F13A2 /* Debug */ = {
			isa = XCBuildConfiguration;
			buildSettings = {
				ALWAYS_SEARCH_USER_PATHS = NO;
				ASSETCATALOG_COMPILER_GENERATE_SWIFT_ASSET_SYMBOL_EXTENSIONS = YES;
				CLANG_ANALYZER_NONNULL = YES;
				CLANG_ANALYZER_NUMBER_OBJECT_CONVERSION = YES_AGGRESSIVE;
				CLANG_CXX_LANGUAGE_STANDARD = "gnu++20";
				CLANG_ENABLE_MODULES = YES;
				CLANG_ENABLE_OBJC_ARC = YES;
				CLANG_ENABLE_OBJC_WEAK = YES;
				CLANG_WARN_BLOCK_CAPTURE_AUTORELEASING = YES;
				CLANG_WARN_BOOL_CONVERSION = YES;
				CLANG_WARN_COMMA = YES;
				CLANG_WARN_CONSTANT_CONVERSION = YES;
				CLANG_WARN_DEPRECATED_OBJC_IMPLEMENTATIONS = YES;
				CLANG_WARN_DIRECT_OBJC_ISA_USAGE = YES_ERROR;
				CLANG_WARN_DOCUMENTATION_COMMENTS = YES;
				CLANG_WARN_EMPTY_BODY = YES;
				CLANG_WARN_ENUM_CONVERSION = YES;
				CLANG_WARN_INFINITE_RECURSION = YES;
				CLANG_WARN_INT_CONVERSION = YES;
				CLANG_WARN_NON_LITERAL_NULL_CONVERSION = YES;
				CLANG_WARN_OBJC_IMPLICIT_RETAIN_SELF = YES;
				CLANG_WARN_OBJC_LITERAL_CONVERSION = YES;
				CLANG_WARN_OBJC_ROOT_CLASS = YES_ERROR;
				CLANG_WARN_QUOTED_INCLUDE_IN_FRAMEWORK_HEADER = YES;
				CLANG_WARN_RANGE_LOOP_ANALYSIS = YES;
				CLANG_WARN_STRICT_PROTOTYPES = YES;
				CLANG_WARN_SUSPICIOUS_MOVE = YES;
				CLANG_WARN_UNGUARDED_AVAILABILITY = YES_AGGRESSIVE;
				CLANG_WARN_UNREACHABLE_CODE = YES;
				CLANG_WARN__DUPLICATE_METHOD_MATCH = YES;
				COPY_PHASE_STRIP = NO;
				DEBUG_INFORMATION_FORMAT = dwarf;
				ENABLE_STRICT_OBJC_MSGSEND = YES;
				ENABLE_TESTABILITY = YES;
				ENABLE_USER_SCRIPT_SANDBOXING = YES;
				GCC_C_LANGUAGE_STANDARD = gnu17;
				GCC_DYNAMIC_NO_PIC = NO;
				GCC_NO_COMMON_BLOCKS = YES;
				GCC_OPTIMIZATION_LEVEL = 0;
				GCC_PREPROCESSOR_DEFINITIONS = (
					"DEBUG=1",
					"$(inherited)",
				);
				GCC_WARN_64_TO_32_BIT_CONVERSION = YES;
				GCC_WARN_ABOUT_RETURN_TYPE = YES_ERROR;
				GCC_WARN_UNDECLARED_SELECTOR = YES;
				GCC_WARN_UNINITIALIZED_AUTOS = YES_AGGRESSIVE;
				GCC_WARN_UNUSED_FUNCTION = YES;
				GCC_WARN_UNUSED_VARIABLE = YES;
				IPHONEOS_DEPLOYMENT_TARGET = 18.0;
				LOCALIZATION_PREFERS_STRING_CATALOGS = YES;
				MTL_ENABLE_DEBUG_INFO = INCLUDE_SOURCE;
				MTL_FAST_MATH = YES;
				ONLY_ACTIVE_ARCH = YES;
				SDKROOT = iphoneos;
				SWIFT_ACTIVE_COMPILATION_CONDITIONS = "DEBUG $(inherited)";
				SWIFT_OPTIMIZATION_LEVEL = "-Onone";
			};
			name = Debug;
		};
		C1EE409D2D975476008F13A2 /* Release */ = {
			isa = XCBuildConfiguration;
			buildSettings = {
				ALWAYS_SEARCH_USER_PATHS = NO;
				ASSETCATALOG_COMPILER_GENERATE_SWIFT_ASSET_SYMBOL_EXTENSIONS = YES;
				CLANG_ANALYZER_NONNULL = YES;
				CLANG_ANALYZER_NUMBER_OBJECT_CONVERSION = YES_AGGRESSIVE;
				CLANG_CXX_LANGUAGE_STANDARD = "gnu++20";
				CLANG_ENABLE_MODULES = YES;
				CLANG_ENABLE_OBJC_ARC = YES;
				CLANG_ENABLE_OBJC_WEAK = YES;
				CLANG_WARN_BLOCK_CAPTURE_AUTORELEASING = YES;
				CLANG_WARN_BOOL_CONVERSION = YES;
				CLANG_WARN_COMMA = YES;
				CLANG_WARN_CONSTANT_CONVERSION = YES;
				CLANG_WARN_DEPRECATED_OBJC_IMPLEMENTATIONS = YES;
				CLANG_WARN_DIRECT_OBJC_ISA_USAGE = YES_ERROR;
				CLANG_WARN_DOCUMENTATION_COMMENTS = YES;
				CLANG_WARN_EMPTY_BODY = YES;
				CLANG_WARN_ENUM_CONVERSION = YES;
				CLANG_WARN_INFINITE_RECURSION = YES;
				CLANG_WARN_INT_CONVERSION = YES;
				CLANG_WARN_NON_LITERAL_NULL_CONVERSION = YES;
				CLANG_WARN_OBJC_IMPLICIT_RETAIN_SELF = YES;
				CLANG_WARN_OBJC_LITERAL_CONVERSION = YES;
				CLANG_WARN_OBJC_ROOT_CLASS = YES_ERROR;
				CLANG_WARN_QUOTED_INCLUDE_IN_FRAMEWORK_HEADER = YES;
				CLANG_WARN_RANGE_LOOP_ANALYSIS = YES;
				CLANG_WARN_STRICT_PROTOTYPES = YES;
				CLANG_WARN_SUSPICIOUS_MOVE = YES;
				CLANG_WARN_UNGUARDED_AVAILABILITY = YES_AGGRESSIVE;
				CLANG_WARN_UNREACHABLE_CODE = YES;
				CLANG_WARN__DUPLICATE_METHOD_MATCH = YES;
				COPY_PHASE_STRIP = NO;
				DEBUG_INFORMATION_FORMAT = "dwarf-with-dsym";
				ENABLE_NS_ASSERTIONS = NO;
				ENABLE_STRICT_OBJC_MSGSEND = YES;
				ENABLE_USER_SCRIPT_SANDBOXING = YES;
				GCC_C_LANGUAGE_STANDARD = gnu17;
				GCC_NO_COMMON_BLOCKS = YES;
				GCC_WARN_64_TO_32_BIT_CONVERSION = YES;
				GCC_WARN_ABOUT_RETURN_TYPE = YES_ERROR;
				GCC_WARN_UNDECLARED_SELECTOR = YES;
				GCC_WARN_UNINITIALIZED_AUTOS = YES_AGGRESSIVE;
				GCC_WARN_UNUSED_FUNCTION = YES;
				GCC_WARN_UNUSED_VARIABLE = YES;
				IPHONEOS_DEPLOYMENT_TARGET = 18.0;
				LOCALIZATION_PREFERS_STRING_CATALOGS = YES;
				MTL_ENABLE_DEBUG_INFO = NO;
				MTL_FAST_MATH = YES;
				SDKROOT = iphoneos;
				SWIFT_COMPILATION_MODE = wholemodule;
				VALIDATE_PRODUCT = YES;
			};
			name = Release;
		};
		C1EE409F2D975476008F13A2 /* Debug */ = {
			isa = XCBuildConfiguration;
			buildSettings = {
				ASSETCATALOG_COMPILER_APPICON_NAME = AppIcon;
				ASSETCATALOG_COMPILER_GLOBAL_ACCENT_COLOR_NAME = AccentColor;
				CODE_SIGN_ENTITLEMENTS = loota/lootaDebug.entitlements;
				CODE_SIGN_STYLE = Automatic;
				CURRENT_PROJECT_VERSION = 1;
				DEVELOPMENT_ASSET_PATHS = "\"loota/Preview Content\"";
				DEVELOPMENT_TEAM = 8XHKTX9X49;
				ENABLE_PREVIEWS = YES;
				GENERATE_INFOPLIST_FILE = YES;
				INFOPLIST_FILE = loota/Info.plist;
				INFOPLIST_KEY_CFBundleDisplayName = Loota;
				INFOPLIST_KEY_LSApplicationCategoryType = "public.app-category.adventure-games";
				INFOPLIST_KEY_NSCameraUsageDescription = "We need access to your camera to provide augmented reality experiences.";
				INFOPLIST_KEY_UIApplicationSupportsIndirectInputEvents = YES;
				INFOPLIST_KEY_UILaunchScreen_Generation = YES;
				INFOPLIST_KEY_UIRequiredDeviceCapabilities = arkit;
				INFOPLIST_KEY_UIStatusBarHidden = YES;
				INFOPLIST_KEY_UISupportedInterfaceOrientations_iPad = "UIInterfaceOrientationPortrait UIInterfaceOrientationPortraitUpsideDown UIInterfaceOrientationLandscapeLeft UIInterfaceOrientationLandscapeRight";
				INFOPLIST_KEY_UISupportedInterfaceOrientations_iPhone = "UIInterfaceOrientationPortrait UIInterfaceOrientationLandscapeLeft UIInterfaceOrientationLandscapeRight";
				IPHONEOS_DEPLOYMENT_TARGET = 18.0;
				LD_RUNPATH_SEARCH_PATHS = (
					"$(inherited)",
					"@executable_path/Frameworks",
				);
				MARKETING_VERSION = 1.0;
				PRODUCT_BUNDLE_IDENTIFIER = allballbearings.loota;
				PRODUCT_NAME = "$(TARGET_NAME)";
				SUPPORTED_PLATFORMS = "iphoneos iphonesimulator";
				SUPPORTS_MACCATALYST = NO;
				SUPPORTS_MAC_DESIGNED_FOR_IPHONE_IPAD = NO;
				SUPPORTS_XR_DESIGNED_FOR_IPHONE_IPAD = NO;
				SWIFT_EMIT_LOC_STRINGS = YES;
				SWIFT_VERSION = 5.0;
				TARGETED_DEVICE_FAMILY = "1,2";
			};
			name = Debug;
		};
		C1EE40A02D975476008F13A2 /* Release */ = {
			isa = XCBuildConfiguration;
			buildSettings = {
				ASSETCATALOG_COMPILER_APPICON_NAME = AppIcon;
				ASSETCATALOG_COMPILER_GLOBAL_ACCENT_COLOR_NAME = AccentColor;
				CODE_SIGN_ENTITLEMENTS = loota/lootaRelease.entitlements;
				CODE_SIGN_STYLE = Automatic;
				CURRENT_PROJECT_VERSION = 1;
				DEVELOPMENT_ASSET_PATHS = "\"loota/Preview Content\"";
				DEVELOPMENT_TEAM = 8XHKTX9X49;
				ENABLE_PREVIEWS = YES;
				GENERATE_INFOPLIST_FILE = YES;
				INFOPLIST_FILE = loota/Info.plist;
				INFOPLIST_KEY_CFBundleDisplayName = Loota;
				INFOPLIST_KEY_LSApplicationCategoryType = "public.app-category.adventure-games";
				INFOPLIST_KEY_NSCameraUsageDescription = "We need access to your camera to provide augmented reality experiences.";
				INFOPLIST_KEY_UIApplicationSupportsIndirectInputEvents = YES;
				INFOPLIST_KEY_UILaunchScreen_Generation = YES;
				INFOPLIST_KEY_UIRequiredDeviceCapabilities = arkit;
				INFOPLIST_KEY_UIStatusBarHidden = YES;
				INFOPLIST_KEY_UISupportedInterfaceOrientations_iPad = "UIInterfaceOrientationPortrait UIInterfaceOrientationPortraitUpsideDown UIInterfaceOrientationLandscapeLeft UIInterfaceOrientationLandscapeRight";
				INFOPLIST_KEY_UISupportedInterfaceOrientations_iPhone = "UIInterfaceOrientationPortrait UIInterfaceOrientationLandscapeLeft UIInterfaceOrientationLandscapeRight";
				IPHONEOS_DEPLOYMENT_TARGET = 18.0;
				LD_RUNPATH_SEARCH_PATHS = (
					"$(inherited)",
					"@executable_path/Frameworks",
				);
				MARKETING_VERSION = 1.0;
				PRODUCT_BUNDLE_IDENTIFIER = allballbearings.loota;
				PRODUCT_NAME = "$(TARGET_NAME)";
				SUPPORTED_PLATFORMS = "iphoneos iphonesimulator";
				SUPPORTS_MACCATALYST = NO;
				SUPPORTS_MAC_DESIGNED_FOR_IPHONE_IPAD = NO;
				SUPPORTS_XR_DESIGNED_FOR_IPHONE_IPAD = NO;
				SWIFT_EMIT_LOC_STRINGS = YES;
				SWIFT_VERSION = 5.0;
				TARGETED_DEVICE_FAMILY = "1,2";
			};
			name = Release;
		};
		C1EE40A22D975476008F13A2 /* Debug */ = {
			isa = XCBuildConfiguration;
			buildSettings = {
				BUNDLE_LOADER = "$(TEST_HOST)";
				CODE_SIGN_STYLE = Automatic;
				CURRENT_PROJECT_VERSION = 1;
				GENERATE_INFOPLIST_FILE = YES;
				IPHONEOS_DEPLOYMENT_TARGET = 18.2;
				MARKETING_VERSION = 1.0;
				PRODUCT_BUNDLE_IDENTIFIER = allballbearings.lootaTests;
				PRODUCT_NAME = "$(TARGET_NAME)";
				SWIFT_EMIT_LOC_STRINGS = NO;
				SWIFT_VERSION = 5.0;
				TARGETED_DEVICE_FAMILY = "1,2";
				TEST_HOST = "$(BUILT_PRODUCTS_DIR)/loota.app/$(BUNDLE_EXECUTABLE_FOLDER_PATH)/loota";
			};
			name = Debug;
		};
		C1EE40A32D975476008F13A2 /* Release */ = {
			isa = XCBuildConfiguration;
			buildSettings = {
				BUNDLE_LOADER = "$(TEST_HOST)";
				CODE_SIGN_STYLE = Automatic;
				CURRENT_PROJECT_VERSION = 1;
				GENERATE_INFOPLIST_FILE = YES;
				IPHONEOS_DEPLOYMENT_TARGET = 18.2;
				MARKETING_VERSION = 1.0;
				PRODUCT_BUNDLE_IDENTIFIER = allballbearings.lootaTests;
				PRODUCT_NAME = "$(TARGET_NAME)";
				SWIFT_EMIT_LOC_STRINGS = NO;
				SWIFT_VERSION = 5.0;
				TARGETED_DEVICE_FAMILY = "1,2";
				TEST_HOST = "$(BUILT_PRODUCTS_DIR)/loota.app/$(BUNDLE_EXECUTABLE_FOLDER_PATH)/loota";
			};
			name = Release;
		};
		C1EE40A52D975476008F13A2 /* Debug */ = {
			isa = XCBuildConfiguration;
			buildSettings = {
				CODE_SIGN_STYLE = Automatic;
				CURRENT_PROJECT_VERSION = 1;
				GENERATE_INFOPLIST_FILE = YES;
				MARKETING_VERSION = 1.0;
				PRODUCT_BUNDLE_IDENTIFIER = allballbearings.lootaUITests;
				PRODUCT_NAME = "$(TARGET_NAME)";
				SWIFT_EMIT_LOC_STRINGS = NO;
				SWIFT_VERSION = 5.0;
				TARGETED_DEVICE_FAMILY = "1,2";
				TEST_TARGET_NAME = loota;
			};
			name = Debug;
		};
		C1EE40A62D975476008F13A2 /* Release */ = {
			isa = XCBuildConfiguration;
			buildSettings = {
				CODE_SIGN_STYLE = Automatic;
				CURRENT_PROJECT_VERSION = 1;
				GENERATE_INFOPLIST_FILE = YES;
				MARKETING_VERSION = 1.0;
				PRODUCT_BUNDLE_IDENTIFIER = allballbearings.lootaUITests;
				PRODUCT_NAME = "$(TARGET_NAME)";
				SWIFT_EMIT_LOC_STRINGS = NO;
				SWIFT_VERSION = 5.0;
				TARGETED_DEVICE_FAMILY = "1,2";
				TEST_TARGET_NAME = loota;
			};
			name = Release;
		};
/* End XCBuildConfiguration section */

/* Begin XCConfigurationList section */
		C1EE40752D975473008F13A2 /* Build configuration list for PBXProject "loota" */ = {
			isa = XCConfigurationList;
			buildConfigurations = (
				C1EE409C2D975476008F13A2 /* Debug */,
				C1EE409D2D975476008F13A2 /* Release */,
			);
			defaultConfigurationIsVisible = 0;
			defaultConfigurationName = Release;
		};
		C1EE409E2D975476008F13A2 /* Build configuration list for PBXNativeTarget "loota" */ = {
			isa = XCConfigurationList;
			buildConfigurations = (
				C1EE409F2D975476008F13A2 /* Debug */,
				C1EE40A02D975476008F13A2 /* Release */,
			);
			defaultConfigurationIsVisible = 0;
			defaultConfigurationName = Release;
		};
		C1EE40A12D975476008F13A2 /* Build configuration list for PBXNativeTarget "lootaTests" */ = {
			isa = XCConfigurationList;
			buildConfigurations = (
				C1EE40A22D975476008F13A2 /* Debug */,
				C1EE40A32D975476008F13A2 /* Release */,
			);
			defaultConfigurationIsVisible = 0;
			defaultConfigurationName = Release;
		};
		C1EE40A42D975476008F13A2 /* Build configuration list for PBXNativeTarget "lootaUITests" */ = {
			isa = XCConfigurationList;
			buildConfigurations = (
				C1EE40A52D975476008F13A2 /* Debug */,
				C1EE40A62D975476008F13A2 /* Release */,
			);
			defaultConfigurationIsVisible = 0;
			defaultConfigurationName = Release;
		};
/* End XCConfigurationList section */
	};
	rootObject = C1EE40722D975473008F13A2 /* Project object */;
}
